
Microsoft Visual Studio Solution File, Format Version 12.00
# Visual Studio Version 16
VisualStudioVersion = 16.0.28407.52
MinimumVisualStudioVersion = 10.0.40219.1
Project("{FAE04EC0-301F-11D3-BF4B-00C04F79EFBC}") = "UsingStructs", "UsingStructs\UsingStructs.csproj", "{87E7AE0D-12A5-4C14-BB63-BA42C041606B}"
EndProject
Project("{FAE04EC0-301F-11D3-BF4B-00C04F79EFBC}") = "EncapsulationDemo", "EncapsulationDemo\EncapsulationDemo.csproj", "{4E9A047A-47FD-4B89-90B8-A919DF3E5764}"
EndProject
Global
	GlobalSection(SolutionConfigurationPlatforms) = preSolution
		Debug|Any CPU = Debug|Any CPU
		Release|Any CPU = Release|Any CPU
	EndGlobalSection
	GlobalSection(ProjectConfigurationPlatforms) = postSolution
		{87E7AE0D-12A5-4C14-BB63-BA42C041606B}.Debug|Any CPU.ActiveCfg = Debug|Any CPU
		{87E7AE0D-12A5-4C14-BB63-BA42C041606B}.Debug|Any CPU.Build.0 = Debug|Any CPU
		{87E7AE0D-12A5-4C14-BB63-BA42C041606B}.Release|Any CPU.ActiveCfg = Release|Any CPU
		{87E7AE0D-12A5-4C14-BB63-BA42C041606B}.Release|Any CPU.Build.0 = Release|Any CPU
		{4E9A047A-47FD-4B89-90B8-A919DF3E5764}.Debug|Any CPU.ActiveCfg = Debug|Any CPU
		{4E9A047A-47FD-4B89-90B8-A919DF3E5764}.Debug|Any CPU.Build.0 = Debug|Any CPU
		{4E9A047A-47FD-4B89-90B8-A919DF3E5764}.Release|Any CPU.ActiveCfg = Release|Any CPU
		{4E9A047A-47FD-4B89-90B8-A919DF3E5764}.Release|Any CPU.Build.0 = Release|Any CPU
	EndGlobalSection
	GlobalSection(SolutionProperties) = preSolution
		HideSolutionNode = FALSE
	EndGlobalSection
	GlobalSection(ExtensibilityGlobals) = postSolution
		SolutionGuid = {F70B1EA7-900D-41C9-B2F4-B96CDAB95A6A}
	EndGlobalSection
EndGlobal
